<Solution>
  <Folder Name="/src/">
    <Project Path="src/Accanto.Admin.Domain/Accanto.Admin.Domain.csproj" />
    <Project Path="src/Accanto.Api/Accanto.Api.csproj" />
    <Project Path="src/Accanto.Application/Accanto.Application.csproj" />
    <Project Path="src/Accanto.Cli/Accanto.Cli.csproj" />
    <Project Path="src/Accanto.Domain/Accanto.Domain.csproj" />
    <Project Path="src/Accanto.Infrastructure/Accanto.Infrastructure.csproj" />
  </Folder>
  <Folder Name="/tests/">
    <Project Path="tests/Accanto.Tests/Accanto.Tests.csproj" />
  </Folder>
</Solution>
